// !$*UTF8*$!
{
	archiveVersion = 1;
	classes = {
	};
	objectVersion = 46;
	objects = {

/* Begin PBXBuildFile section */
		9F382BC61F13D1160082E528 /* AudioRecord.swift in Sources */ = {isa = PBXBuildFile; fileRef = 9F382BC51F13D1160082E528 /* AudioRecord.swift */; };
		9F382BC81F13DB190082E528 /* TableViewCell.swift in Sources */ = {isa = PBXBuildFile; fileRef = 9F382BC71F13DB190082E528 /* TableViewCell.swift */; };
		9FB1D8B01F0F99E100B3D403 /* AppDelegate.swift in Sources */ = {isa = PBXBuildFile; fileRef = 9FB1D8AF1F0F99E100B3D403 /* AppDelegate.swift */; };
		9FB1D8B51F0F99E100B3D403 /* Main.storyboard in Resources */ = {isa = PBXBuildFile; fileRef = 9FB1D8B31F0F99E100B3D403 /* Main.storyboard */; };
		9FB1D8B71F0F99E100B3D403 /* Assets.xcassets in Resources */ = {isa = PBXBuildFile; fileRef = 9FB1D8B61F0F99E100B3D403 /* Assets.xcassets */; };
		9FB1D8BA1F0F99E100B3D403 /* LaunchScreen.storyboard in Resources */ = {isa = PBXBuildFile; fileRef = 9FB1D8B81F0F99E100B3D403 /* LaunchScreen.storyboard */; };
		9FB1D8C51F0F99E100B3D403 /* AudioTests.swift in Sources */ = {isa = PBXBuildFile; fileRef = 9FB1D8C41F0F99E100B3D403 /* AudioTests.swift */; };
		9FB1D8D01F0F99E100B3D403 /* AudioUITests.swift in Sources */ = {isa = PBXBuildFile; fileRef = 9FB1D8CF1F0F99E100B3D403 /* AudioUITests.swift */; };
		9FB1D8E01F0FB06E00B3D403 /* ViewController3.swift in Sources */ = {isa = PBXBuildFile; fileRef = 9FB1D8DF1F0FB06E00B3D403 /* ViewController3.swift */; };
		9FB1D9231F137D6900B3D403 /* stop.png in Resources */ = {isa = PBXBuildFile; fileRef = 9FB1D9221F137D6900B3D403 /* stop.png */; };
		9FB1D9251F137E7200B3D403 /* start.png in Resources */ = {isa = PBXBuildFile; fileRef = 9FB1D9241F137E7200B3D403 /* start.png */; };
		9FB1D92D1F139BF800B3D403 /* Model.xcdatamodeld in Sources */ = {isa = PBXBuildFile; fileRef = 9FB1D92B1F139BF800B3D403 /* Model.xcdatamodeld */; };
/* End PBXBuildFile section */

/* Begin PBXContainerItemProxy section */
		9FB1D8C11F0F99E100B3D403 /* PBXContainerItemProxy */ = {
			isa = PBXContainerItemProxy;
			containerPortal = 9FB1D8A41F0F99E100B3D403 /* Project object */;
			proxyType = 1;
			remoteGlobalIDString = 9FB1D8AB1F0F99E100B3D403;
			remoteInfo = Audio;
		};
		9FB1D8CC1F0F99E100B3D403 /* PBXContainerItemProxy */ = {
			isa = PBXContainerItemProxy;
			containerPortal = 9FB1D8A41F0F99E100B3D403 /* Project object */;
			proxyType = 1;
			remoteGlobalIDString = 9FB1D8AB1F0F99E100B3D403;
			remoteInfo = Audio;
		};
/* End PBXContainerItemProxy section */

/* Begin PBXFileReference section */
		9F382BC51F13D1160082E528 /* AudioRecord.swift */ = {isa = PBXFileReference; fileEncoding = 4; lastKnownFileType = sourcecode.swift; path = AudioRecord.swift; sourceTree = "<group>"; };
		9F382BC71F13DB190082E528 /* TableViewCell.swift */ = {isa = PBXFileReference; fileEncoding = 4; lastKnownFileType = sourcecode.swift; path = TableViewCell.swift; sourceTree = "<group>"; };
		9FB1D8AC1F0F99E100B3D403 /* Audio.app */ = {isa = PBXFileReference; explicitFileType = wrapper.application; includeInIndex = 0; path = Audio.app; sourceTree = BUILT_PRODUCTS_DIR; };
		9FB1D8AF1F0F99E100B3D403 /* AppDelegate.swift */ = {isa = PBXFileReference; lastKnownFileType = sourcecode.swift; path = AppDelegate.swift; sourceTree = "<group>"; };
		9FB1D8B41F0F99E100B3D403 /* Base */ = {isa = PBXFileReference; lastKnownFileType = file.storyboard; name = Base; path = Base.lproj/Main.storyboard; sourceTree = "<group>"; };
		9FB1D8B61F0F99E100B3D403 /* Assets.xcassets */ = {isa = PBXFileReference; lastKnownFileType = folder.assetcatalog; path = Assets.xcassets; sourceTree = "<group>"; };
		9FB1D8B91F0F99E100B3D403 /* Base */ = {isa = PBXFileReference; lastKnownFileType = file.storyboard; name = Base; path = Base.lproj/LaunchScreen.storyboard; sourceTree = "<group>"; };
		9FB1D8BB1F0F99E100B3D403 /* Info.plist */ = {isa = PBXFileReference; lastKnownFileType = text.plist.xml; path = Info.plist; sourceTree = "<group>"; };
		9FB1D8C01F0F99E100B3D403 /* AudioTests.xctest */ = {isa = PBXFileReference; explicitFileType = wrapper.cfbundle; includeInIndex = 0; path = AudioTests.xctest; sourceTree = BUILT_PRODUCTS_DIR; };
		9FB1D8C41F0F99E100B3D403 /* AudioTests.swift */ = {isa = PBXFileReference; lastKnownFileType = sourcecode.swift; path = AudioTests.swift; sourceTree = "<group>"; };
		9FB1D8C61F0F99E100B3D403 /* Info.plist */ = {isa = PBXFileReference; lastKnownFileType = text.plist.xml; path = Info.plist; sourceTree = "<group>"; };
		9FB1D8CB1F0F99E100B3D403 /* AudioUITests.xctest */ = {isa = PBXFileReference; explicitFileType = wrapper.cfbundle; includeInIndex = 0; path = AudioUITests.xctest; sourceTree = BUILT_PRODUCTS_DIR; };
		9FB1D8CF1F0F99E100B3D403 /* AudioUITests.swift */ = {isa = PBXFileReference; lastKnownFileType = sourcecode.swift; path = AudioUITests.swift; sourceTree = "<group>"; };
		9FB1D8D11F0F99E100B3D403 /* Info.plist */ = {isa = PBXFileReference; lastKnownFileType = text.plist.xml; path = Info.plist; sourceTree = "<group>"; };
		9FB1D8DF1F0FB06E00B3D403 /* ViewController3.swift */ = {isa = PBXFileReference; fileEncoding = 4; lastKnownFileType = sourcecode.swift; path = ViewController3.swift; sourceTree = "<group>"; };
		9FB1D9221F137D6900B3D403 /* stop.png */ = {isa = PBXFileReference; lastKnownFileType = image.png; name = stop.png; path = "../../../Downloads/DD Media Player Icon Collection 75643/stop.png"; sourceTree = "<group>"; };
		9FB1D9241F137E7200B3D403 /* start.png */ = {isa = PBXFileReference; lastKnownFileType = image.png; name = start.png; path = "../../../Downloads/DD Media Player Icon Collection 75643 2/start.png"; sourceTree = "<group>"; };
		9FB1D92C1F139BF800B3D403 /* Model.xcdatamodel */ = {isa = PBXFileReference; lastKnownFileType = wrapper.xcdatamodel; path = Model.xcdatamodel; sourceTree = "<group>"; };
/* End PBXFileReference section */

/* Begin PBXFrameworksBuildPhase section */
		9FB1D8A91F0F99E100B3D403 /* Frameworks */ = {
			isa = PBXFrameworksBuildPhase;
			buildActionMask = 2147483647;
			files = (
			);
			runOnlyForDeploymentPostprocessing = 0;
		};
		9FB1D8BD1F0F99E100B3D403 /* Frameworks */ = {
			isa = PBXFrameworksBuildPhase;
			buildActionMask = 2147483647;
			files = (
			);
			runOnlyForDeploymentPostprocessing = 0;
		};
		9FB1D8C81F0F99E100B3D403 /* Frameworks */ = {
			isa = PBXFrameworksBuildPhase;
			buildActionMask = 2147483647;
			files = (
			);
			runOnlyForDeploymentPostprocessing = 0;
		};
/* End PBXFrameworksBuildPhase section */

/* Begin PBXGroup section */
		9FB1D8A31F0F99E100B3D403 = {
			isa = PBXGroup;
			children = (
				9FB1D8AE1F0F99E100B3D403 /* Audio */,
				9FB1D8C31F0F99E100B3D403 /* AudioTests */,
				9FB1D8CE1F0F99E100B3D403 /* AudioUITests */,
				9FB1D8AD1F0F99E100B3D403 /* Products */,
			);
			sourceTree = "<group>";
		};
		9FB1D8AD1F0F99E100B3D403 /* Products */ = {
			isa = PBXGroup;
			children = (
				9FB1D8AC1F0F99E100B3D403 /* Audio.app */,
				9FB1D8C01F0F99E100B3D403 /* AudioTests.xctest */,
				9FB1D8CB1F0F99E100B3D403 /* AudioUITests.xctest */,
			);
			name = Products;
			sourceTree = "<group>";
		};
		9FB1D8AE1F0F99E100B3D403 /* Audio */ = {
			isa = PBXGroup;
			children = (
				9FB1D8AF1F0F99E100B3D403 /* AppDelegate.swift */,
				9FB1D8DF1F0FB06E00B3D403 /* ViewController3.swift */,
				9F382BC71F13DB190082E528 /* TableViewCell.swift */,
				9F382BC51F13D1160082E528 /* AudioRecord.swift */,
				9FB1D92B1F139BF800B3D403 /* Model.xcdatamodeld */,
				9FB1D8B31F0F99E100B3D403 /* Main.storyboard */,
				9FB1D8B61F0F99E100B3D403 /* Assets.xcassets */,
				9FB1D9221F137D6900B3D403 /* stop.png */,
				9FB1D9241F137E7200B3D403 /* start.png */,
				9FB1D8B81F0F99E100B3D403 /* LaunchScreen.storyboard */,
				9FB1D8BB1F0F99E100B3D403 /* Info.plist */,
			);
			path = Audio;
			sourceTree = "<group>";
		};
		9FB1D8C31F0F99E100B3D403 /* AudioTests */ = {
			isa = PBXGroup;
			children = (
				9FB1D8C41F0F99E100B3D403 /* AudioTests.swift */,
				9FB1D8C61F0F99E100B3D403 /* Info.plist */,
			);
			path = AudioTests;
			sourceTree = "<group>";
		};
		9FB1D8CE1F0F99E100B3D403 /* AudioUITests */ = {
			isa = PBXGroup;
			children = (
				9FB1D8CF1F0F99E100B3D403 /* AudioUITests.swift */,
				9FB1D8D11F0F99E100B3D403 /* Info.plist */,
			);
			path = AudioUITests;
			sourceTree = "<group>";
		};
/* End PBXGroup section */

/* Begin PBXNativeTarget section */
		9FB1D8AB1F0F99E100B3D403 /* Audio */ = {
			isa = PBXNativeTarget;
			buildConfigurationList = 9FB1D8D41F0F99E100B3D403 /* Build configuration list for PBXNativeTarget "Audio" */;
			buildPhases = (
				9FB1D8A81F0F99E100B3D403 /* Sources */,
				9FB1D8A91F0F99E100B3D403 /* Frameworks */,
				9FB1D8AA1F0F99E100B3D403 /* Resources */,
			);
			buildRules = (
			);
			dependencies = (
			);
			name = Audio;
			productName = Audio;
			productReference = 9FB1D8AC1F0F99E100B3D403 /* Audio.app */;
			productType = "com.apple.product-type.application";
		};
		9FB1D8BF1F0F99E100B3D403 /* AudioTests */ = {
			isa = PBXNativeTarget;
			buildConfigurationList = 9FB1D8D71F0F99E100B3D403 /* Build configuration list for PBXNativeTarget "AudioTests" */;
			buildPhases = (
				9FB1D8BC1F0F99E100B3D403 /* Sources */,
				9FB1D8BD1F0F99E100B3D403 /* Frameworks */,
				9FB1D8BE1F0F99E100B3D403 /* Resources */,
			);
			buildRules = (
			);
			dependencies = (
				9FB1D8C21F0F99E100B3D403 /* PBXTargetDependency */,
			);
			name = AudioTests;
			productName = AudioTests;
			productReference = 9FB1D8C01F0F99E100B3D403 /* AudioTests.xctest */;
			productType = "com.apple.product-type.bundle.unit-test";
		};
		9FB1D8CA1F0F99E100B3D403 /* AudioUITests */ = {
			isa = PBXNativeTarget;
			buildConfigurationList = 9FB1D8DA1F0F99E100B3D403 /* Build configuration list for PBXNativeTarget "AudioUITests" */;
			buildPhases = (
				9FB1D8C71F0F99E100B3D403 /* Sources */,
				9FB1D8C81F0F99E100B3D403 /* Frameworks */,
				9FB1D8C91F0F99E100B3D403 /* Resources */,
			);
			buildRules = (
			);
			dependencies = (
				9FB1D8CD1F0F99E100B3D403 /* PBXTargetDependency */,
			);
			name = AudioUITests;
			productName = AudioUITests;
			productReference = 9FB1D8CB1F0F99E100B3D403 /* AudioUITests.xctest */;
			productType = "com.apple.product-type.bundle.ui-testing";
		};
/* End PBXNativeTarget section */

/* Begin PBXProject section */
		9FB1D8A41F0F99E100B3D403 /* Project object */ = {
			isa = PBXProject;
			attributes = {
				LastSwiftUpdateCheck = 0830;
				LastUpgradeCheck = 0830;
				ORGANIZATIONNAME = User1;
				TargetAttributes = {
					9FB1D8AB1F0F99E100B3D403 = {
						CreatedOnToolsVersion = 8.3.3;
						DevelopmentTeam = 87UN5258FU;
						ProvisioningStyle = Automatic;
					};
					9FB1D8BF1F0F99E100B3D403 = {
						CreatedOnToolsVersion = 8.3.3;
						ProvisioningStyle = Automatic;
						TestTargetID = 9FB1D8AB1F0F99E100B3D403;
					};
					9FB1D8CA1F0F99E100B3D403 = {
						CreatedOnToolsVersion = 8.3.3;
						ProvisioningStyle = Automatic;
						TestTargetID = 9FB1D8AB1F0F99E100B3D403;
					};
				};
			};
			buildConfigurationList = 9FB1D8A71F0F99E100B3D403 /* Build configuration list for PBXProject "Audio" */;
			compatibilityVersion = "Xcode 3.2";
			developmentRegion = English;
			hasScannedForEncodings = 0;
			knownRegions = (
				en,
				Base,
			);
			mainGroup = 9FB1D8A31F0F99E100B3D403;
			productRefGroup = 9FB1D8AD1F0F99E100B3D403 /* Products */;
			projectDirPath = "";
			projectRoot = "";
			targets = (
				9FB1D8AB1F0F99E100B3D403 /* Audio */,
				9FB1D8BF1F0F99E100B3D403 /* AudioTests */,
				9FB1D8CA1F0F99E100B3D403 /* AudioUITests */,
			);
		};
/* End PBXProject section */

/* Begin PBXResourcesBuildPhase section */
		9FB1D8AA1F0F99E100B3D403 /* Resources */ = {
			isa = PBXResourcesBuildPhase;
			buildActionMask = 2147483647;
			files = (
				9FB1D8BA1F0F99E100B3D403 /* LaunchScreen.storyboard in Resources */,
				9FB1D8B71F0F99E100B3D403 /* Assets.xcassets in Resources */,
				9FB1D9251F137E7200B3D403 /* start.png in Resources */,
				9FB1D8B51F0F99E100B3D403 /* Main.storyboard in Resources */,
				9FB1D9231F137D6900B3D403 /* stop.png in Resources */,
			);
			runOnlyForDeploymentPostprocessing = 0;
		};
		9FB1D8BE1F0F99E100B3D403 /* Resources */ = {
			isa = PBXResourcesBuildPhase;
			buildActionMask = 2147483647;
			files = (
			);
			runOnlyForDeploymentPostprocessing = 0;
		};
		9FB1D8C91F0F99E100B3D403 /* Resources */ = {
			isa = PBXResourcesBuildPhase;
			buildActionMask = 2147483647;
			files = (
			);
			runOnlyForDeploymentPostprocessing = 0;
		};
/* End PBXResourcesBuildPhase section */

/* Begin PBXSourcesBuildPhase section */
		9FB1D8A81F0F99E100B3D403 /* Sources */ = {
			isa = PBXSourcesBuildPhase;
			buildActionMask = 2147483647;
			files = (
				9FB1D8B01F0F99E100B3D403 /* AppDelegate.swift in Sources */,
				9FB1D92D1F139BF800B3D403 /* Model.xcdatamodeld in Sources */,
				9FB1D8E01F0FB06E00B3D403 /* ViewController3.swift in Sources */,
				9F382BC81F13DB190082E528 /* TableViewCell.swift in Sources */,
				9F382BC61F13D1160082E528 /* AudioRecord.swift in Sources */,
			);
			runOnlyForDeploymentPostprocessing = 0;
		};
		9FB1D8BC1F0F99E100B3D403 /* Sources */ = {
			isa = PBXSourcesBuildPhase;
			buildActionMask = 2147483647;
			files = (
				9FB1D8C51F0F99E100B3D403 /* AudioTests.swift in Sources */,
			);
			runOnlyForDeploymentPostprocessing = 0;
		};
		9FB1D8C71F0F99E100B3D403 /* Sources */ = {
			isa = PBXSourcesBuildPhase;
			buildActionMask = 2147483647;
			files = (
				9FB1D8D01F0F99E100B3D403 /* AudioUITests.swift in Sources */,
			);
			runOnlyForDeploymentPostprocessing = 0;
		};
/* End PBXSourcesBuildPhase section */

/* Begin PBXTargetDependency section */
		9FB1D8C21F0F99E100B3D403 /* PBXTargetDependency */ = {
			isa = PBXTargetDependency;
			target = 9FB1D8AB1F0F99E100B3D403 /* Audio */;
			targetProxy = 9FB1D8C11F0F99E100B3D403 /* PBXContainerItemProxy */;
		};
		9FB1D8CD1F0F99E100B3D403 /* PBXTargetDependency */ = {
			isa = PBXTargetDependency;
			target = 9FB1D8AB1F0F99E100B3D403 /* Audio */;
			targetProxy = 9FB1D8CC1F0F99E100B3D403 /* PBXContainerItemProxy */;
		};
/* End PBXTargetDependency section */

/* Begin PBXVariantGroup section */
		9FB1D8B31F0F99E100B3D403 /* Main.storyboard */ = {
			isa = PBXVariantGroup;
			children = (
				9FB1D8B41F0F99E100B3D403 /* Base */,
			);
			name = Main.storyboard;
			sourceTree = "<group>";
		};
		9FB1D8B81F0F99E100B3D403 /* LaunchScreen.storyboard */ = {
			isa = PBXVariantGroup;
			children = (
				9FB1D8B91F0F99E100B3D403 /* Base */,
			);
			name = LaunchScreen.storyboard;
			sourceTree = "<group>";
		};
/* End PBXVariantGroup section */

/* Begin XCBuildConfiguration section */
		9FB1D8D21F0F99E100B3D403 /* Debug */ = {
			isa = XCBuildConfiguration;
			buildSettings = {
				ALWAYS_SEARCH_USER_PATHS = NO;
				CLANG_ANALYZER_NONNULL = YES;
				CLANG_ANALYZER_NUMBER_OBJECT_CONVERSION = YES_AGGRESSIVE;
				CLANG_CXX_LANGUAGE_STANDARD = "gnu++0x";
				CLANG_CXX_LIBRARY = "libc++";
				CLANG_ENABLE_MODULES = YES;
				CLANG_ENABLE_OBJC_ARC = YES;
				CLANG_WARN_BOOL_CONVERSION = YES;
				CLANG_WARN_CONSTANT_CONVERSION = YES;
				CLANG_WARN_DIRECT_OBJC_ISA_USAGE = YES_ERROR;
				CLANG_WARN_DOCUMENTATION_COMMENTS = YES;
				CLANG_WARN_EMPTY_BODY = YES;
				CLANG_WARN_ENUM_CONVERSION = YES;
				CLANG_WARN_INFINITE_RECURSION = YES;
				CLANG_WARN_INT_CONVERSION = YES;
				CLANG_WARN_OBJC_ROOT_CLASS = YES_ERROR;
				CLANG_WARN_SUSPICIOUS_MOVE = YES;
				CLANG_WARN_UNREACHABLE_CODE = YES;
				CLANG_WARN__DUPLICATE_METHOD_MATCH = YES;
				"CODE_SIGN_IDENTITY[sdk=iphoneos*]" = "iPhone Developer";
				COPY_PHASE_STRIP = NO;
				DEBUG_INFORMATION_FORMAT = dwarf;
				ENABLE_STRICT_OBJC_MSGSEND = YES;
				ENABLE_TESTABILITY = YES;
				GCC_C_LANGUAGE_STANDARD = gnu99;
				GCC_DYNAMIC_NO_PIC = NO;
				GCC_NO_COMMON_BLOCKS = YES;
				GCC_OPTIMIZATION_LEVEL = 0;
				GCC_PREPROCESSOR_DEFINITIONS = (
					"DEBUG=1",
					"$(inherited)",
				);
				GCC_WARN_64_TO_32_BIT_CONVERSION = YES;
				GCC_WARN_ABOUT_RETURN_TYPE = YES_ERROR;
				GCC_WARN_UNDECLARED_SELECTOR = YES;
				GCC_WARN_UNINITIALIZED_AUTOS = YES_AGGRESSIVE;
				GCC_WARN_UNUSED_FUNCTION = YES;
				GCC_WARN_UNUSED_VARIABLE = YES;
				IPHONEOS_DEPLOYMENT_TARGET = 10.3;
				MTL_ENABLE_DEBUG_INFO = YES;
				ONLY_ACTIVE_ARCH = YES;
				SDKROOT = iphoneos;
				SWIFT_ACTIVE_COMPILATION_CONDITIONS = DEBUG;
				SWIFT_OPTIMIZATION_LEVEL = "-Onone";
				TARGETED_DEVICE_FAMILY = "1,2";
			};
			name = Debug;
		};
		9FB1D8D31F0F99E100B3D403 /* Release */ = {
			isa = XCBuildConfiguration;
			buildSettings = {
				ALWAYS_SEARCH_USER_PATHS = NO;
				CLANG_ANALYZER_NONNULL = YES;
				CLANG_ANALYZER_NUMBER_OBJECT_CONVERSION = YES_AGGRESSIVE;
				CLANG_CXX_LANGUAGE_STANDARD = "gnu++0x";
				CLANG_CXX_LIBRARY = "libc++";
				CLANG_ENABLE_MODULES = YES;
				CLANG_ENABLE_OBJC_ARC = YES;
				CLANG_WARN_BOOL_CONVERSION = YES;
				CLANG_WARN_CONSTANT_CONVERSION = YES;
				CLANG_WARN_DIRECT_OBJC_ISA_USAGE = YES_ERROR;
				CLANG_WARN_DOCUMENTATION_COMMENTS = YES;
				CLANG_WARN_EMPTY_BODY = YES;
				CLANG_WARN_ENUM_CONVERSION = YES;
				CLANG_WARN_INFINITE_RECURSION = YES;
				CLANG_WARN_INT_CONVERSION = YES;
				CLANG_WARN_OBJC_ROOT_CLASS = YES_ERROR;
				CLANG_WARN_SUSPICIOUS_MOVE = YES;
				CLANG_WARN_UNREACHABLE_CODE = YES;
				CLANG_WARN__DUPLICATE_METHOD_MATCH = YES;
				"CODE_SIGN_IDENTITY[sdk=iphoneos*]" = "iPhone Developer";
				COPY_PHASE_STRIP = NO;
				DEBUG_INFORMATION_FORMAT = "dwarf-with-dsym";
				ENABLE_NS_ASSERTIONS = NO;
				ENABLE_STRICT_OBJC_MSGSEND = YES;
				GCC_C_LANGUAGE_STANDARD = gnu99;
				GCC_NO_COMMON_BLOCKS = YES;
				GCC_WARN_64_TO_32_BIT_CONVERSION = YES;
				GCC_WARN_ABOUT_RETURN_TYPE = YES_ERROR;
				GCC_WARN_UNDECLARED_SELECTOR = YES;
				GCC_WARN_UNINITIALIZED_AUTOS = YES_AGGRESSIVE;
				GCC_WARN_UNUSED_FUNCTION = YES;
				GCC_WARN_UNUSED_VARIABLE = YES;
				IPHONEOS_DEPLOYMENT_TARGET = 10.3;
				MTL_ENABLE_DEBUG_INFO = NO;
				SDKROOT = iphoneos;
				SWIFT_OPTIMIZATION_LEVEL = "-Owholemodule";
				TARGETED_DEVICE_FAMILY = "1,2";
				VALIDATE_PRODUCT = YES;
			};
			name = Release;
		};
		9FB1D8D51F0F99E100B3D403 /* Debug */ = {
			isa = XCBuildConfiguration;
			buildSettings = {
				ASSETCATALOG_COMPILER_APPICON_NAME = AppIcon;
				DEVELOPMENT_TEAM = 87UN5258FU;
				INFOPLIST_FILE = Audio/Info.plist;
				LD_RUNPATH_SEARCH_PATHS = "$(inherited) @executable_path/Frameworks";
				PRODUCT_BUNDLE_IDENTIFIER = x.Audio;
				PRODUCT_NAME = "$(TARGET_NAME)";
				SWIFT_VERSION = 3.0;
			};
			name = Debug;
		};
		9FB1D8D61F0F99E100B3D403 /* Release */ = {
			isa = XCBuildConfiguration;
			buildSettings = {
				ASSETCATALOG_COMPILER_APPICON_NAME = AppIcon;
				DEVELOPMENT_TEAM = 87UN5258FU;
				INFOPLIST_FILE = Audio/Info.plist;
				LD_RUNPATH_SEARCH_PATHS = "$(inherited) @executable_path/Frameworks";
				PRODUCT_BUNDLE_IDENTIFIER = x.Audio;
				PRODUCT_NAME = "$(TARGET_NAME)";
				SWIFT_VERSION = 3.0;
			};
			name = Release;
		};
		9FB1D8D81F0F99E100B3D403 /* Debug */ = {
			isa = XCBuildConfiguration;
			buildSettings = {
				ALWAYS_EMBED_SWIFT_STANDARD_LIBRARIES = YES;
				BUNDLE_LOADER = "$(TEST_HOST)";
				INFOPLIST_FILE = AudioTests/Info.plist;
				LD_RUNPATH_SEARCH_PATHS = "$(inherited) @executable_path/Frameworks @loader_path/Frameworks";
				PRODUCT_BUNDLE_IDENTIFIER = x.AudioTests;
				PRODUCT_NAME = "$(TARGET_NAME)";
				SWIFT_VERSION = 3.0;
				TEST_HOST = "$(BUILT_PRODUCTS_DIR)/Audio.app/Audio";
			};
			name = Debug;
		};
		9FB1D8D91F0F99E100B3D403 /* Release */ = {
			isa = XCBuildConfiguration;
			buildSettings = {
				ALWAYS_EMBED_SWIFT_STANDARD_LIBRARIES = YES;
				BUNDLE_LOADER = "$(TEST_HOST)";
				INFOPLIST_FILE = AudioTests/Info.plist;
				LD_RUNPATH_SEARCH_PATHS = "$(inherited) @executable_path/Frameworks @loader_path/Frameworks";
				PRODUCT_BUNDLE_IDENTIFIER = x.AudioTests;
				PRODUCT_NAME = "$(TARGET_NAME)";
				SWIFT_VERSION = 3.0;
				TEST_HOST = "$(BUILT_PRODUCTS_DIR)/Audio.app/Audio";
			};
			name = Release;
		};
		9FB1D8DB1F0F99E100B3D403 /* Debug */ = {
			isa = XCBuildConfiguration;
			buildSettings = {
				ALWAYS_EMBED_SWIFT_STANDARD_LIBRARIES = YES;
				INFOPLIST_FILE = AudioUITests/Info.plist;
				LD_RUNPATH_SEARCH_PATHS = "$(inherited) @executable_path/Frameworks @loader_path/Frameworks";
				PRODUCT_BUNDLE_IDENTIFIER = x.AudioUITests;
				PRODUCT_NAME = "$(TARGET_NAME)";
				SWIFT_VERSION = 3.0;
				TEST_TARGET_NAME = Audio;
			};
			name = Debug;
		};
		9FB1D8DC1F0F99E100B3D403 /* Release */ = {
			isa = XCBuildConfiguration;
			buildSettings = {
				ALWAYS_EMBED_SWIFT_STANDARD_LIBRARIES = YES;
				INFOPLIST_FILE = AudioUITests/Info.plist;
				LD_RUNPATH_SEARCH_PATHS = "$(inherited) @executable_path/Frameworks @loader_path/Frameworks";
				PRODUCT_BUNDLE_IDENTIFIER = x.AudioUITests;
				PRODUCT_NAME = "$(TARGET_NAME)";
				SWIFT_VERSION = 3.0;
				TEST_TARGET_NAME = Audio;
			};
			name = Release;
		};
/* End XCBuildConfiguration section */

/* Begin XCConfigurationList section */
		9FB1D8A71F0F99E100B3D403 /* Build configuration list for PBXProject "Audio" */ = {
			isa = XCConfigurationList;
			buildConfigurations = (
				9FB1D8D21F0F99E100B3D403 /* Debug */,
				9FB1D8D31F0F99E100B3D403 /* Release */,
			);
			defaultConfigurationIsVisible = 0;
			defaultConfigurationName = Release;
		};
		9FB1D8D41F0F99E100B3D403 /* Build configuration list for PBXNativeTarget "Audio" */ = {
			isa = XCConfigurationList;
			buildConfigurations = (
				9FB1D8D51F0F99E100B3D403 /* Debug */,
				9FB1D8D61F0F99E100B3D403 /* Release */,
			);
			defaultConfigurationIsVisible = 0;
			defaultConfigurationName = Release;
		};
		9FB1D8D71F0F99E100B3D403 /* Build configuration list for PBXNativeTarget "AudioTests" */ = {
			isa = XCConfigurationList;
			buildConfigurations = (
				9FB1D8D81F0F99E100B3D403 /* Debug */,
				9FB1D8D91F0F99E100B3D403 /* Release */,
			);
			defaultConfigurationIsVisible = 0;
			defaultConfigurationName = Release;
		};
		9FB1D8DA1F0F99E100B3D403 /* Build configuration list for PBXNativeTarget "AudioUITests" */ = {
			isa = XCConfigurationList;
			buildConfigurations = (
				9FB1D8DB1F0F99E100B3D403 /* Debug */,
				9FB1D8DC1F0F99E100B3D403 /* Release */,
			);
			defaultConfigurationIsVisible = 0;
			defaultConfigurationName = Release;
		};
/* End XCConfigurationList section */

/* Begin XCVersionGroup section */
		9FB1D92B1F139BF800B3D403 /* Model.xcdatamodeld */ = {
			isa = XCVersionGroup;
			children = (
				9FB1D92C1F139BF800B3D403 /* Model.xcdatamodel */,
			);
			currentVersion = 9FB1D92C1F139BF800B3D403 /* Model.xcdatamodel */;
			path = Model.xcdatamodeld;
			sourceTree = "<group>";
			versionGroupType = wrapper.xcdatamodel;
		};
/* End XCVersionGroup section */
	};
	rootObject = 9FB1D8A41F0F99E100B3D403 /* Project object */;
}
